<?xml version="1.0" encoding="utf-8"?>
<Project ToolsVersion="4.0" xmlns="http://schemas.microsoft.com/developer/msbuild/2003">
  <ItemGroup>
    <Filter Include="Config Files">
      <UniqueIdentifier>{a8642e76-d271-417b-a0d3-64afb303ea38}</UniqueIdentifier>
    </Filter>
    <Filter Include="Header Files">
      <UniqueIdentifier>{9aa2bcc1-a2b5-4b83-9641-90298f42e7cd}</UniqueIdentifier>
      <Extensions>h;hpp</Extensions>
    </Filter>
    <Filter Include="Source Files">
      <UniqueIdentifier>{51934fdb-73c3-44d5-a288-f5f9b21ad85c}</UniqueIdentifier>
      <Extensions>cpp;c</Extensions>
    </Filter>
    <Filter Include="Resource Files">
      <UniqueIdentifier>{d9f06c6b-17b1-49fe-aa96-c24abca908f1}</UniqueIdentifier>
      <Extensions>avi;mpg;png;bmp</Extensions>
    </Filter>
  </ItemGroup>
  <ItemGroup>
    <None Include="arm.mk" />
    <None Include="pc.mk" />
  </ItemGroup>
  <ItemGroup>
    <ClCompile Include="main.cpp">
      <Filter>Source Files</Filter>
    </ClCompile>
    <ClCompile Include="meanshift.cpp">
      <Filter>Source Files</Filter>
    </ClCompile>
  </ItemGroup>
  <ItemGroup>
    <ClInclude Include="meanshift.h">
      <Filter>Header Files</Filter>
    </ClInclude>
  </ItemGroup>
</Project>