
Microsoft Visual Studio Solution File, Format Version 12.00
# Visual Studio 15
VisualStudioVersion = 15.0.26403.7
MinimumVisualStudioVersion = 10.0.40219.1
Project("{8BC9CEB8-8B4A-11D0-8D11-00A0C91BC942}") = "matrix-dsp", "matrix-dsp\matrix-dsp.vcxproj", "{97876A9A-8EF6-4D67-ABF6-A360DC9CB8BF}"
EndProject
Project("{8BC9CEB8-8B4A-11D0-8D11-00A0C91BC942}") = "matrix-gpp", "matrix-gpp\matrix-gpp.vcxproj", "{7606AB89-428C-4938-82D6-5442AB15AFBB}"
	ProjectSection(ProjectDependencies) = postProject
		{97876A9A-8EF6-4D67-ABF6-A360DC9CB8BF} = {97876A9A-8EF6-4D67-ABF6-A360DC9CB8BF}
	EndProjectSection
EndProject
Project("{888888A0-9F3D-457C-B088-3A5042F75D52}") = "RunSystem", "RunSystem\RunSystem.pyproj", "{B5910841-D356-479B-ACE6-F1676F8A4252}"
EndProject
Project("{2150E333-8FDC-42A3-9474-1A3956D46DE8}") = "dsp", "dsp", "{4593D8E5-833B-45CE-8F94-B845881B3E70}"
EndProject
Project("{8BC9CEB8-8B4A-11D0-8D11-00A0C91BC942}") = "matrix-dynamic", "matrix-dynamic\matrix-dynamic.vcxproj", "{0A8901FA-D60E-4536-BE8D-1F8191655305}"
	ProjectSection(ProjectDependencies) = postProject
		{A16E348B-FE4D-4B89-A9F3-2911CDF4947F} = {A16E348B-FE4D-4B89-A9F3-2911CDF4947F}
	EndProjectSection
EndProject
Project("{8BC9CEB8-8B4A-11D0-8D11-00A0C91BC942}") = "matrix-neon", "matrix-neon\matrix-neon.vcxproj", "{3E4A7413-60EC-4194-8965-5A7AF71FC922}"
	ProjectSection(ProjectDependencies) = postProject
		{A16E348B-FE4D-4B89-A9F3-2911CDF4947F} = {A16E348B-FE4D-4B89-A9F3-2911CDF4947F}
	EndProjectSection
EndProject
Project("{2150E333-8FDC-42A3-9474-1A3956D46DE8}") = "arm", "arm", "{F2558291-0B5D-4EA5-9AE7-0637D2007825}"
EndProject
Project("{8BC9CEB8-8B4A-11D0-8D11-00A0C91BC942}") = "matrix-include", "matrix-include\matrix-include.vcxproj", "{A16E348B-FE4D-4B89-A9F3-2911CDF4947F}"
EndProject
Project("{8BC9CEB8-8B4A-11D0-8D11-00A0C91BC942}") = "matrix", "matrix\matrix.vcxproj", "{0471082D-C65E-41E4-B2AB-D9AB110DAFAC}"
	ProjectSection(ProjectDependencies) = postProject
		{A16E348B-FE4D-4B89-A9F3-2911CDF4947F} = {A16E348B-FE4D-4B89-A9F3-2911CDF4947F}
	EndProjectSection
EndProject
Global
	GlobalSection(SolutionConfigurationPlatforms) = preSolution
		Debug|Beagle = Debug|Beagle
		Release|Beagle = Release|Beagle
	EndGlobalSection
	GlobalSection(ProjectConfigurationPlatforms) = postSolution
		{97876A9A-8EF6-4D67-ABF6-A360DC9CB8BF}.Debug|Beagle.ActiveCfg = Debug|x64
		{97876A9A-8EF6-4D67-ABF6-A360DC9CB8BF}.Debug|Beagle.Build.0 = Debug|x64
		{97876A9A-8EF6-4D67-ABF6-A360DC9CB8BF}.Release|Beagle.ActiveCfg = Release|x64
		{97876A9A-8EF6-4D67-ABF6-A360DC9CB8BF}.Release|Beagle.Build.0 = Release|x64
		{7606AB89-428C-4938-82D6-5442AB15AFBB}.Debug|Beagle.ActiveCfg = Debug|x64
		{7606AB89-428C-4938-82D6-5442AB15AFBB}.Debug|Beagle.Build.0 = Debug|x64
		{7606AB89-428C-4938-82D6-5442AB15AFBB}.Release|Beagle.ActiveCfg = Release|x64
		{7606AB89-428C-4938-82D6-5442AB15AFBB}.Release|Beagle.Build.0 = Release|x64
		{B5910841-D356-479B-ACE6-F1676F8A4252}.Debug|Beagle.ActiveCfg = Debug|Any CPU
		{B5910841-D356-479B-ACE6-F1676F8A4252}.Release|Beagle.ActiveCfg = Release|Any CPU
		{0A8901FA-D60E-4536-BE8D-1F8191655305}.Debug|Beagle.ActiveCfg = Debug|x64
		{0A8901FA-D60E-4536-BE8D-1F8191655305}.Debug|Beagle.Build.0 = Debug|x64
		{0A8901FA-D60E-4536-BE8D-1F8191655305}.Release|Beagle.ActiveCfg = Release|x64
		{0A8901FA-D60E-4536-BE8D-1F8191655305}.Release|Beagle.Build.0 = Release|x64
		{3E4A7413-60EC-4194-8965-5A7AF71FC922}.Debug|Beagle.ActiveCfg = Debug|x64
		{3E4A7413-60EC-4194-8965-5A7AF71FC922}.Debug|Beagle.Build.0 = Debug|x64
		{3E4A7413-60EC-4194-8965-5A7AF71FC922}.Release|Beagle.ActiveCfg = Release|x64
		{3E4A7413-60EC-4194-8965-5A7AF71FC922}.Release|Beagle.Build.0 = Release|x64
		{A16E348B-FE4D-4B89-A9F3-2911CDF4947F}.Debug|Beagle.ActiveCfg = Debug|x64
		{A16E348B-FE4D-4B89-A9F3-2911CDF4947F}.Release|Beagle.ActiveCfg = Release|x64
		{A16E348B-FE4D-4B89-A9F3-2911CDF4947F}.Release|Beagle.Build.0 = Release|x64
		{0471082D-C65E-41E4-B2AB-D9AB110DAFAC}.Debug|Beagle.ActiveCfg = Debug|x64
		{0471082D-C65E-41E4-B2AB-D9AB110DAFAC}.Debug|Beagle.Build.0 = Debug|x64
		{0471082D-C65E-41E4-B2AB-D9AB110DAFAC}.Release|Beagle.ActiveCfg = Debug|x64
		{0471082D-C65E-41E4-B2AB-D9AB110DAFAC}.Release|Beagle.Build.0 = Debug|x64
	EndGlobalSection
	GlobalSection(SolutionProperties) = preSolution
		HideSolutionNode = FALSE
	EndGlobalSection
	GlobalSection(NestedProjects) = preSolution
		{97876A9A-8EF6-4D67-ABF6-A360DC9CB8BF} = {4593D8E5-833B-45CE-8F94-B845881B3E70}
		{7606AB89-428C-4938-82D6-5442AB15AFBB} = {4593D8E5-833B-45CE-8F94-B845881B3E70}
		{0A8901FA-D60E-4536-BE8D-1F8191655305} = {F2558291-0B5D-4EA5-9AE7-0637D2007825}
		{3E4A7413-60EC-4194-8965-5A7AF71FC922} = {F2558291-0B5D-4EA5-9AE7-0637D2007825}
		{A16E348B-FE4D-4B89-A9F3-2911CDF4947F} = {F2558291-0B5D-4EA5-9AE7-0637D2007825}
		{0471082D-C65E-41E4-B2AB-D9AB110DAFAC} = {F2558291-0B5D-4EA5-9AE7-0637D2007825}
	EndGlobalSection
EndGlobal
